
Microsoft Visual Studio Solution File, Format Version 12.00
# Visual Studio Version 17
VisualStudioVersion = 17.5.002.0
MinimumVisualStudioVersion = 10.0.40219.1
Project("{9A19103F-16F7-4668-BE54-9A1E7A4F7556}") = "GridGame", "GridGame.csproj", "{CC6B4B48-BCC4-4164-BB18-8D7AF1F21181}"
EndProject
Global
	GlobalSection(SolutionConfigurationPlatforms) = preSolution
		Debug|Any CPU = Debug|Any CPU
		Release|Any CPU = Release|Any CPU
	EndGlobalSection
	GlobalSection(ProjectConfigurationPlatforms) = postSolution
		{CC6B4B48-BCC4-4164-BB18-8D7AF1F21181}.Debug|Any CPU.ActiveCfg = Debug|Any CPU
		{CC6B4B48-BCC4-4164-BB18-8D7AF1F21181}.Debug|Any CPU.Build.0 = Debug|Any CPU
		{CC6B4B48-BCC4-4164-BB18-8D7AF1F21181}.Release|Any CPU.ActiveCfg = Release|Any CPU
		{CC6B4B48-BCC4-4164-BB18-8D7AF1F21181}.Release|Any CPU.Build.0 = Release|Any CPU
	EndGlobalSection
	GlobalSection(SolutionProperties) = preSolution
		HideSolutionNode = FALSE
	EndGlobalSection
	GlobalSection(ExtensibilityGlobals) = postSolution
		SolutionGuid = {2714E007-73C0-4668-9A55-9E0FDB90F51F}
	EndGlobalSection
EndGlobal
